
Microsoft Visual Studio Solution File, Format Version 12.00
# Visual Studio Version 17
VisualStudioVersion = 17.0.31903.59
MinimumVisualStudioVersion = 10.0.40219.1
Project("{FAE04EC0-301F-11D3-BF4B-00C04F79EFBC}") = "SimpleChess", "SimpleChess\SimpleChess.csproj", "{394028F8-CDF5-4D42-9D6A-C8662DFA36ED}"
EndProject
Project("{FAE04EC0-301F-11D3-BF4B-00C04F79EFBC}") = "SimpleChess.Cli", "SimpleChess.Cli\SimpleChess.Cli.csproj", "{7C5DB5FD-933D-4CD5-A9C7-E482AD699BB1}"
EndProject
Global
	GlobalSection(SolutionConfigurationPlatforms) = preSolution
		Debug|Any CPU = Debug|Any CPU
		Release|Any CPU = Release|Any CPU
	EndGlobalSection
	GlobalSection(SolutionProperties) = preSolution
		HideSolutionNode = FALSE
	EndGlobalSection
	GlobalSection(ProjectConfigurationPlatforms) = postSolution
		{394028F8-CDF5-4D42-9D6A-C8662DFA36ED}.Debug|Any CPU.ActiveCfg = Debug|Any CPU
		{394028F8-CDF5-4D42-9D6A-C8662DFA36ED}.Debug|Any CPU.Build.0 = Debug|Any CPU
		{394028F8-CDF5-4D42-9D6A-C8662DFA36ED}.Release|Any CPU.ActiveCfg = Release|Any CPU
		{394028F8-CDF5-4D42-9D6A-C8662DFA36ED}.Release|Any CPU.Build.0 = Release|Any CPU
		{7C5DB5FD-933D-4CD5-A9C7-E482AD699BB1}.Debug|Any CPU.ActiveCfg = Debug|Any CPU
		{7C5DB5FD-933D-4CD5-A9C7-E482AD699BB1}.Debug|Any CPU.Build.0 = Debug|Any CPU
		{7C5DB5FD-933D-4CD5-A9C7-E482AD699BB1}.Release|Any CPU.ActiveCfg = Release|Any CPU
		{7C5DB5FD-933D-4CD5-A9C7-E482AD699BB1}.Release|Any CPU.Build.0 = Release|Any CPU
	EndGlobalSection
EndGlobal
